
Microsoft Visual Studio Solution File, Format Version 12.00
# Visual Studio Version 16
VisualStudioVersion = 16.0.31624.102
MinimumVisualStudioVersion = 10.0.40219.1
Project("{FAE04EC0-301F-11D3-BF4B-00C04F79EFBC}") = "Task", "Task.csproj", "{948F15F0-0500-4786-8D32-A2A780469029}"
EndProject
Global
	GlobalSection(SolutionConfigurationPlatforms) = preSolution
		Debug|Any CPU = Debug|Any CPU
		Release|Any CPU = Release|Any CPU
	EndGlobalSection
	GlobalSection(ProjectConfigurationPlatforms) = postSolution
		{948F15F0-0500-4786-8D32-A2A780469029}.Debug|Any CPU.ActiveCfg = Debug|Any CPU
		{948F15F0-0500-4786-8D32-A2A780469029}.Debug|Any CPU.Build.0 = Debug|Any CPU
		{948F15F0-0500-4786-8D32-A2A780469029}.Release|Any CPU.ActiveCfg = Release|Any CPU
		{948F15F0-0500-4786-8D32-A2A780469029}.Release|Any CPU.Build.0 = Release|Any CPU
	EndGlobalSection
	GlobalSection(SolutionProperties) = preSolution
		HideSolutionNode = FALSE
	EndGlobalSection
	GlobalSection(ExtensibilityGlobals) = postSolution
		SolutionGuid = {DC0CCE39-47F8-4101-9BF1-95CF23657868}
	EndGlobalSection
EndGlobal
